
Microsoft Visual Studio Solution File, Format Version 12.00
# Visual Studio 15
VisualStudioVersion = 15.0.27428.2027
MinimumVisualStudioVersion = 10.0.40219.1
Project("{FAE04EC0-301F-11D3-BF4B-00C04F79EFBC}") = "AdministracionRH", "AdministracionRH\AdministracionRH.csproj", "{1527C02C-5A69-44CE-B175-3CDDB9E86D32}"
EndProject
Global
	GlobalSection(SolutionConfigurationPlatforms) = preSolution
		Debug|Any CPU = Debug|Any CPU
		Release|Any CPU = Release|Any CPU
	EndGlobalSection
	GlobalSection(ProjectConfigurationPlatforms) = postSolution
		{1527C02C-5A69-44CE-B175-3CDDB9E86D32}.Debug|Any CPU.ActiveCfg = Debug|Any CPU
		{1527C02C-5A69-44CE-B175-3CDDB9E86D32}.Debug|Any CPU.Build.0 = Debug|Any CPU
		{1527C02C-5A69-44CE-B175-3CDDB9E86D32}.Release|Any CPU.ActiveCfg = Release|Any CPU
		{1527C02C-5A69-44CE-B175-3CDDB9E86D32}.Release|Any CPU.Build.0 = Release|Any CPU
	EndGlobalSection
	GlobalSection(SolutionProperties) = preSolution
		HideSolutionNode = FALSE
	EndGlobalSection
	GlobalSection(ExtensibilityGlobals) = postSolution
		SolutionGuid = {8C305908-B125-4754-AFB8-EA621257BB54}
	EndGlobalSection
EndGlobal
